
Microsoft Visual Studio Solution File, Format Version 12.00
# Visual Studio Version 17
VisualStudioVersion = 17.2.32630.192
MinimumVisualStudioVersion = 10.0.40219.1
Project("{FAE04EC0-301F-11D3-BF4B-00C04F79EFBC}") = "CAExample", "CAExample\CAExample.csproj", "{DFBD5E50-05DE-40D5-AD8A-7FF966F19249}"
EndProject
Project("{FAE04EC0-301F-11D3-BF4B-00C04F79EFBC}") = "WFAEtutForm", "WFAEtutForm\WFAEtutForm.csproj", "{D9F27C2A-4509-49A2-8AE5-D058D2F11F2E}"
EndProject
Project("{FAE04EC0-301F-11D3-BF4B-00C04F79EFBC}") = "WFAEtutForm2", "WFAEtutForm2\WFAEtutForm2.csproj", "{FA04F9B6-58BB-45CE-BAD3-19A6371A7E2A}"
EndProject
Global
	GlobalSection(SolutionConfigurationPlatforms) = preSolution
		Debug|Any CPU = Debug|Any CPU
		Release|Any CPU = Release|Any CPU
	EndGlobalSection
	GlobalSection(ProjectConfigurationPlatforms) = postSolution
		{DFBD5E50-05DE-40D5-AD8A-7FF966F19249}.Debug|Any CPU.ActiveCfg = Debug|Any CPU
		{DFBD5E50-05DE-40D5-AD8A-7FF966F19249}.Debug|Any CPU.Build.0 = Debug|Any CPU
		{DFBD5E50-05DE-40D5-AD8A-7FF966F19249}.Release|Any CPU.ActiveCfg = Release|Any CPU
		{DFBD5E50-05DE-40D5-AD8A-7FF966F19249}.Release|Any CPU.Build.0 = Release|Any CPU
		{D9F27C2A-4509-49A2-8AE5-D058D2F11F2E}.Debug|Any CPU.ActiveCfg = Debug|Any CPU
		{D9F27C2A-4509-49A2-8AE5-D058D2F11F2E}.Debug|Any CPU.Build.0 = Debug|Any CPU
		{D9F27C2A-4509-49A2-8AE5-D058D2F11F2E}.Release|Any CPU.ActiveCfg = Release|Any CPU
		{D9F27C2A-4509-49A2-8AE5-D058D2F11F2E}.Release|Any CPU.Build.0 = Release|Any CPU
		{FA04F9B6-58BB-45CE-BAD3-19A6371A7E2A}.Debug|Any CPU.ActiveCfg = Debug|Any CPU
		{FA04F9B6-58BB-45CE-BAD3-19A6371A7E2A}.Debug|Any CPU.Build.0 = Debug|Any CPU
		{FA04F9B6-58BB-45CE-BAD3-19A6371A7E2A}.Release|Any CPU.ActiveCfg = Release|Any CPU
		{FA04F9B6-58BB-45CE-BAD3-19A6371A7E2A}.Release|Any CPU.Build.0 = Release|Any CPU
	EndGlobalSection
	GlobalSection(SolutionProperties) = preSolution
		HideSolutionNode = FALSE
	EndGlobalSection
	GlobalSection(ExtensibilityGlobals) = postSolution
		SolutionGuid = {21C918A0-CFF5-454F-8C72-56A8B76212DB}
	EndGlobalSection
EndGlobal
